
Microsoft Visual Studio Solution File, Format Version 12.00
# Visual Studio Version 17
VisualStudioVersion = 17.6.33815.320
MinimumVisualStudioVersion = 10.0.40219.1
Project("{FAE04EC0-301F-11D3-BF4B-00C04F79EFBC}") = "weather-app-1", "weather-app-1\weather-app-1.csproj", "{3CE41A9E-9C7A-4DD9-99A9-301BF0AEBB1D}"
EndProject
Global
	GlobalSection(SolutionConfigurationPlatforms) = preSolution
		Debug|Any CPU = Debug|Any CPU
		Release|Any CPU = Release|Any CPU
	EndGlobalSection
	GlobalSection(ProjectConfigurationPlatforms) = postSolution
		{3CE41A9E-9C7A-4DD9-99A9-301BF0AEBB1D}.Debug|Any CPU.ActiveCfg = Debug|Any CPU
		{3CE41A9E-9C7A-4DD9-99A9-301BF0AEBB1D}.Debug|Any CPU.Build.0 = Debug|Any CPU
		{3CE41A9E-9C7A-4DD9-99A9-301BF0AEBB1D}.Release|Any CPU.ActiveCfg = Release|Any CPU
		{3CE41A9E-9C7A-4DD9-99A9-301BF0AEBB1D}.Release|Any CPU.Build.0 = Release|Any CPU
	EndGlobalSection
	GlobalSection(SolutionProperties) = preSolution
		HideSolutionNode = FALSE
	EndGlobalSection
	GlobalSection(ExtensibilityGlobals) = postSolution
		SolutionGuid = {F0D94423-B46D-4435-9820-9EE804806072}
	EndGlobalSection
EndGlobal
